
Microsoft Visual Studio Solution File, Format Version 12.00
# Visual Studio Version 17
VisualStudioVersion = 17.8.34330.188
MinimumVisualStudioVersion = 10.0.40219.1
Project("{FAE04EC0-301F-11D3-BF4B-00C04F79EFBC}") = "Task1SqlServer", "Task1SqlServer.csproj", "{DF99CB6A-4625-4335-855B-2198C32E401B}"
EndProject
Global
	GlobalSection(SolutionConfigurationPlatforms) = preSolution
		Debug|Any CPU = Debug|Any CPU
		Release|Any CPU = Release|Any CPU
	EndGlobalSection
	GlobalSection(ProjectConfigurationPlatforms) = postSolution
		{DF99CB6A-4625-4335-855B-2198C32E401B}.Debug|Any CPU.ActiveCfg = Debug|Any CPU
		{DF99CB6A-4625-4335-855B-2198C32E401B}.Debug|Any CPU.Build.0 = Debug|Any CPU
		{DF99CB6A-4625-4335-855B-2198C32E401B}.Release|Any CPU.ActiveCfg = Release|Any CPU
		{DF99CB6A-4625-4335-855B-2198C32E401B}.Release|Any CPU.Build.0 = Release|Any CPU
	EndGlobalSection
	GlobalSection(SolutionProperties) = preSolution
		HideSolutionNode = FALSE
	EndGlobalSection
	GlobalSection(ExtensibilityGlobals) = postSolution
		SolutionGuid = {D844139E-1D33-4F3D-8E08-D71C09D2FA3F}
	EndGlobalSection
EndGlobal
